
Microsoft Visual Studio Solution File, Format Version 12.00
# Visual Studio Version 16
VisualStudioVersion = 16.0.30021.99
MinimumVisualStudioVersion = 10.0.40219.1
Project("{FAE04EC0-301F-11D3-BF4B-00C04F79EFBC}") = "Webex Killer", "Webex Killer\Webex Killer.csproj", "{1AFB669B-C9AE-448E-9A83-258E2F54AFB5}"
EndProject
Global
	GlobalSection(SolutionConfigurationPlatforms) = preSolution
		Debug|Any CPU = Debug|Any CPU
		Release|Any CPU = Release|Any CPU
	EndGlobalSection
	GlobalSection(ProjectConfigurationPlatforms) = postSolution
		{1AFB669B-C9AE-448E-9A83-258E2F54AFB5}.Debug|Any CPU.ActiveCfg = Debug|Any CPU
		{1AFB669B-C9AE-448E-9A83-258E2F54AFB5}.Debug|Any CPU.Build.0 = Debug|Any CPU
		{1AFB669B-C9AE-448E-9A83-258E2F54AFB5}.Release|Any CPU.ActiveCfg = Release|Any CPU
		{1AFB669B-C9AE-448E-9A83-258E2F54AFB5}.Release|Any CPU.Build.0 = Release|Any CPU
	EndGlobalSection
	GlobalSection(SolutionProperties) = preSolution
		HideSolutionNode = FALSE
	EndGlobalSection
	GlobalSection(ExtensibilityGlobals) = postSolution
		SolutionGuid = {7271FC77-B2E2-40DC-A600-7F50843F03D4}
	EndGlobalSection
EndGlobal
